// !$*UTF8*$!
{
	archiveVersion = 1;
	classes = {
	};
	objectVersion = 46;
	objects = {

/* Begin PBXBuildFile section */
		C064FCEB1F90B3C9002ACE7A /* main.swift in Sources */ = {isa = PBXBuildFile; fileRef = C064FCEA1F90B3C9002ACE7A /* main.swift */; };
		C064FCF61F90B78F002ACE7A /* main.swift in Sources */ = {isa = PBXBuildFile; fileRef = C064FCF51F90B78F002ACE7A /* main.swift */; };
		C064FD011F90B7C4002ACE7A /* main.swift in Sources */ = {isa = PBXBuildFile; fileRef = C064FD001F90B7C4002ACE7A /* main.swift */; };
		C064FD0C1F90B811002ACE7A /* main.swift in Sources */ = {isa = PBXBuildFile; fileRef = C064FD0B1F90B811002ACE7A /* main.swift */; };
/* End PBXBuildFile section */

/* Begin PBXCopyFilesBuildPhase section */
		C064FCE61F90B3C9002ACE7A /* CopyFiles */ = {
			isa = PBXCopyFilesBuildPhase;
			buildActionMask = 2147483647;
			dstPath = /usr/share/man/man1/;
			dstSubfolderSpec = 0;
			files = (
			);
			runOnlyForDeploymentPostprocessing = 1;
		};
		C064FCF11F90B78F002ACE7A /* CopyFiles */ = {
			isa = PBXCopyFilesBuildPhase;
			buildActionMask = 2147483647;
			dstPath = /usr/share/man/man1/;
			dstSubfolderSpec = 0;
			files = (
			);
			runOnlyForDeploymentPostprocessing = 1;
		};
		C064FCFC1F90B7C4002ACE7A /* CopyFiles */ = {
			isa = PBXCopyFilesBuildPhase;
			buildActionMask = 2147483647;
			dstPath = /usr/share/man/man1/;
			dstSubfolderSpec = 0;
			files = (
			);
			runOnlyForDeploymentPostprocessing = 1;
		};
		C064FD071F90B811002ACE7A /* CopyFiles */ = {
			isa = PBXCopyFilesBuildPhase;
			buildActionMask = 2147483647;
			dstPath = /usr/share/man/man1/;
			dstSubfolderSpec = 0;
			files = (
			);
			runOnlyForDeploymentPostprocessing = 1;
		};
		C0965CD71F90B3900076D253 /* CopyFiles */ = {
			isa = PBXCopyFilesBuildPhase;
			buildActionMask = 2147483647;
			dstPath = /usr/share/man/man1/;
			dstSubfolderSpec = 0;
			files = (
			);
			runOnlyForDeploymentPostprocessing = 1;
		};
/* End PBXCopyFilesBuildPhase section */

/* Begin PBXFileReference section */
		C064FCE81F90B3C9002ACE7A /* 1-TwoSum */ = {isa = PBXFileReference; explicitFileType = "compiled.mach-o.executable"; includeInIndex = 0; path = "1-TwoSum"; sourceTree = BUILT_PRODUCTS_DIR; };
		C064FCEA1F90B3C9002ACE7A /* main.swift */ = {isa = PBXFileReference; lastKnownFileType = sourcecode.swift; path = main.swift; sourceTree = "<group>"; };
		C064FCF31F90B78F002ACE7A /* 2-AddTwoNumbers */ = {isa = PBXFileReference; explicitFileType = "compiled.mach-o.executable"; includeInIndex = 0; path = "2-AddTwoNumbers"; sourceTree = BUILT_PRODUCTS_DIR; };
		C064FCF51F90B78F002ACE7A /* main.swift */ = {isa = PBXFileReference; lastKnownFileType = sourcecode.swift; path = main.swift; sourceTree = "<group>"; };
		C064FCFE1F90B7C4002ACE7A /* 3-LongestSubstringWithoutRepeatingCharacters */ = {isa = PBXFileReference; explicitFileType = "compiled.mach-o.executable"; includeInIndex = 0; path = "3-LongestSubstringWithoutRepeatingCharacters"; sourceTree = BUILT_PRODUCTS_DIR; };
		C064FD001F90B7C4002ACE7A /* main.swift */ = {isa = PBXFileReference; lastKnownFileType = sourcecode.swift; path = main.swift; sourceTree = "<group>"; };
		C064FD091F90B811002ACE7A /* 4-MedianofTwoSortedArrays */ = {isa = PBXFileReference; explicitFileType = "compiled.mach-o.executable"; includeInIndex = 0; path = "4-MedianofTwoSortedArrays"; sourceTree = BUILT_PRODUCTS_DIR; };
		C064FD0B1F90B811002ACE7A /* main.swift */ = {isa = PBXFileReference; lastKnownFileType = sourcecode.swift; path = main.swift; sourceTree = "<group>"; };
		C0965CD91F90B3900076D253 /* LeetCode */ = {isa = PBXFileReference; explicitFileType = "compiled.mach-o.executable"; includeInIndex = 0; path = LeetCode; sourceTree = BUILT_PRODUCTS_DIR; };
/* End PBXFileReference section */

/* Begin PBXFrameworksBuildPhase section */
		C064FCE51F90B3C9002ACE7A /* Frameworks */ = {
			isa = PBXFrameworksBuildPhase;
			buildActionMask = 2147483647;
			files = (
			);
			runOnlyForDeploymentPostprocessing = 0;
		};
		C064FCF01F90B78F002ACE7A /* Frameworks */ = {
			isa = PBXFrameworksBuildPhase;
			buildActionMask = 2147483647;
			files = (
			);
			runOnlyForDeploymentPostprocessing = 0;
		};
		C064FCFB1F90B7C4002ACE7A /* Frameworks */ = {
			isa = PBXFrameworksBuildPhase;
			buildActionMask = 2147483647;
			files = (
			);
			runOnlyForDeploymentPostprocessing = 0;
		};
		C064FD061F90B811002ACE7A /* Frameworks */ = {
			isa = PBXFrameworksBuildPhase;
			buildActionMask = 2147483647;
			files = (
			);
			runOnlyForDeploymentPostprocessing = 0;
		};
		C0965CD61F90B3900076D253 /* Frameworks */ = {
			isa = PBXFrameworksBuildPhase;
			buildActionMask = 2147483647;
			files = (
			);
			runOnlyForDeploymentPostprocessing = 0;
		};
/* End PBXFrameworksBuildPhase section */

/* Begin PBXGroup section */
		C064FCE91F90B3C9002ACE7A /* 1-TwoSum */ = {
			isa = PBXGroup;
			children = (
				C064FCEA1F90B3C9002ACE7A /* main.swift */,
			);
			path = "1-TwoSum";
			sourceTree = "<group>";
		};
		C064FCF41F90B78F002ACE7A /* 2-AddTwoNumbers */ = {
			isa = PBXGroup;
			children = (
				C064FCF51F90B78F002ACE7A /* main.swift */,
			);
			path = "2-AddTwoNumbers";
			sourceTree = "<group>";
		};
		C064FCFF1F90B7C4002ACE7A /* 3-LongestSubstringWithoutRepeatingCharacters */ = {
			isa = PBXGroup;
			children = (
				C064FD001F90B7C4002ACE7A /* main.swift */,
			);
			path = "3-LongestSubstringWithoutRepeatingCharacters";
			sourceTree = "<group>";
		};
		C064FD0A1F90B811002ACE7A /* 4-MedianofTwoSortedArrays */ = {
			isa = PBXGroup;
			children = (
				C064FD0B1F90B811002ACE7A /* main.swift */,
			);
			path = "4-MedianofTwoSortedArrays";
			sourceTree = "<group>";
		};
		C0965CD01F90B3900076D253 = {
			isa = PBXGroup;
			children = (
				C064FCE91F90B3C9002ACE7A /* 1-TwoSum */,
				C064FCF41F90B78F002ACE7A /* 2-AddTwoNumbers */,
				C064FCFF1F90B7C4002ACE7A /* 3-LongestSubstringWithoutRepeatingCharacters */,
				C064FD0A1F90B811002ACE7A /* 4-MedianofTwoSortedArrays */,
				C0965CDA1F90B3900076D253 /* Products */,
			);
			sourceTree = "<group>";
		};
		C0965CDA1F90B3900076D253 /* Products */ = {
			isa = PBXGroup;
			children = (
				C0965CD91F90B3900076D253 /* LeetCode */,
				C064FCE81F90B3C9002ACE7A /* 1-TwoSum */,
				C064FCF31F90B78F002ACE7A /* 2-AddTwoNumbers */,
				C064FCFE1F90B7C4002ACE7A /* 3-LongestSubstringWithoutRepeatingCharacters */,
				C064FD091F90B811002ACE7A /* 4-MedianofTwoSortedArrays */,
			);
			name = Products;
			sourceTree = "<group>";
		};
/* End PBXGroup section */

/* Begin PBXNativeTarget section */
		C064FCE71F90B3C9002ACE7A /* 1-TwoSum */ = {
			isa = PBXNativeTarget;
			buildConfigurationList = C064FCEC1F90B3C9002ACE7A /* Build configuration list for PBXNativeTarget "1-TwoSum" */;
			buildPhases = (
				C064FCE41F90B3C9002ACE7A /* Sources */,
				C064FCE51F90B3C9002ACE7A /* Frameworks */,
				C064FCE61F90B3C9002ACE7A /* CopyFiles */,
			);
			buildRules = (
			);
			dependencies = (
			);
			name = "1-TwoSum";
			productName = "1-TwoSum";
			productReference = C064FCE81F90B3C9002ACE7A /* 1-TwoSum */;
			productType = "com.apple.product-type.tool";
		};
		C064FCF21F90B78F002ACE7A /* 2-AddTwoNumbers */ = {
			isa = PBXNativeTarget;
			buildConfigurationList = C064FCF71F90B78F002ACE7A /* Build configuration list for PBXNativeTarget "2-AddTwoNumbers" */;
			buildPhases = (
				C064FCEF1F90B78F002ACE7A /* Sources */,
				C064FCF01F90B78F002ACE7A /* Frameworks */,
				C064FCF11F90B78F002ACE7A /* CopyFiles */,
			);
			buildRules = (
			);
			dependencies = (
			);
			name = "2-AddTwoNumbers";
			productName = "2-AddTwoNumbers";
			productReference = C064FCF31F90B78F002ACE7A /* 2-AddTwoNumbers */;
			productType = "com.apple.product-type.tool";
		};
		C064FCFD1F90B7C4002ACE7A /* 3-LongestSubstringWithoutRepeatingCharacters */ = {
			isa = PBXNativeTarget;
			buildConfigurationList = C064FD021F90B7C4002ACE7A /* Build configuration list for PBXNativeTarget "3-LongestSubstringWithoutRepeatingCharacters" */;
			buildPhases = (
				C064FCFA1F90B7C4002ACE7A /* Sources */,
				C064FCFB1F90B7C4002ACE7A /* Frameworks */,
				C064FCFC1F90B7C4002ACE7A /* CopyFiles */,
			);
			buildRules = (
			);
			dependencies = (
			);
			name = "3-LongestSubstringWithoutRepeatingCharacters";
			productName = "3-LongestSubstringWithoutRepeatingCharacters";
			productReference = C064FCFE1F90B7C4002ACE7A /* 3-LongestSubstringWithoutRepeatingCharacters */;
			productType = "com.apple.product-type.tool";
		};
		C064FD081F90B811002ACE7A /* 4-MedianofTwoSortedArrays */ = {
			isa = PBXNativeTarget;
			buildConfigurationList = C064FD0D1F90B811002ACE7A /* Build configuration list for PBXNativeTarget "4-MedianofTwoSortedArrays" */;
			buildPhases = (
				C064FD051F90B811002ACE7A /* Sources */,
				C064FD061F90B811002ACE7A /* Frameworks */,
				C064FD071F90B811002ACE7A /* CopyFiles */,
			);
			buildRules = (
			);
			dependencies = (
			);
			name = "4-MedianofTwoSortedArrays";
			productName = "4-MedianofTwoSortedArrays";
			productReference = C064FD091F90B811002ACE7A /* 4-MedianofTwoSortedArrays */;
			productType = "com.apple.product-type.tool";
		};
		C0965CD81F90B3900076D253 /* LeetCode */ = {
			isa = PBXNativeTarget;
			buildConfigurationList = C0965CE01F90B3900076D253 /* Build configuration list for PBXNativeTarget "LeetCode" */;
			buildPhases = (
				C0965CD51F90B3900076D253 /* Sources */,
				C0965CD61F90B3900076D253 /* Frameworks */,
				C0965CD71F90B3900076D253 /* CopyFiles */,
			);
			buildRules = (
			);
			dependencies = (
			);
			name = LeetCode;
			productName = LeetCode;
			productReference = C0965CD91F90B3900076D253 /* LeetCode */;
			productType = "com.apple.product-type.tool";
		};
/* End PBXNativeTarget section */

/* Begin PBXProject section */
		C0965CD11F90B3900076D253 /* Project object */ = {
			isa = PBXProject;
			attributes = {
				LastSwiftUpdateCheck = 0900;
				LastUpgradeCheck = 0830;
				ORGANIZATIONNAME = Shvier;
				TargetAttributes = {
					C064FCE71F90B3C9002ACE7A = {
						CreatedOnToolsVersion = 9.0;
						DevelopmentTeam = PGNG7584J8;
						ProvisioningStyle = Automatic;
					};
					C064FCF21F90B78F002ACE7A = {
						CreatedOnToolsVersion = 9.0;
						DevelopmentTeam = PGNG7584J8;
						ProvisioningStyle = Automatic;
					};
					C064FCFD1F90B7C4002ACE7A = {
						CreatedOnToolsVersion = 9.0;
						DevelopmentTeam = PGNG7584J8;
						ProvisioningStyle = Automatic;
					};
					C064FD081F90B811002ACE7A = {
						CreatedOnToolsVersion = 9.0;
						DevelopmentTeam = PGNG7584J8;
						ProvisioningStyle = Automatic;
					};
					C0965CD81F90B3900076D253 = {
						CreatedOnToolsVersion = 8.3.3;
						DevelopmentTeam = PGNG7584J8;
						ProvisioningStyle = Automatic;
					};
				};
			};
			buildConfigurationList = C0965CD41F90B3900076D253 /* Build configuration list for PBXProject "LeetCode" */;
			compatibilityVersion = "Xcode 3.2";
			developmentRegion = English;
			hasScannedForEncodings = 0;
			knownRegions = (
				en,
			);
			mainGroup = C0965CD01F90B3900076D253;
			productRefGroup = C0965CDA1F90B3900076D253 /* Products */;
			projectDirPath = "";
			projectRoot = "";
			targets = (
				C0965CD81F90B3900076D253 /* LeetCode */,
				C064FCE71F90B3C9002ACE7A /* 1-TwoSum */,
				C064FCF21F90B78F002ACE7A /* 2-AddTwoNumbers */,
				C064FCFD1F90B7C4002ACE7A /* 3-LongestSubstringWithoutRepeatingCharacters */,
				C064FD081F90B811002ACE7A /* 4-MedianofTwoSortedArrays */,
			);
		};
/* End PBXProject section */

/* Begin PBXSourcesBuildPhase section */
		C064FCE41F90B3C9002ACE7A /* Sources */ = {
			isa = PBXSourcesBuildPhase;
			buildActionMask = 2147483647;
			files = (
				C064FCEB1F90B3C9002ACE7A /* main.swift in Sources */,
			);
			runOnlyForDeploymentPostprocessing = 0;
		};
		C064FCEF1F90B78F002ACE7A /* Sources */ = {
			isa = PBXSourcesBuildPhase;
			buildActionMask = 2147483647;
			files = (
				C064FCF61F90B78F002ACE7A /* main.swift in Sources */,
			);
			runOnlyForDeploymentPostprocessing = 0;
		};
		C064FCFA1F90B7C4002ACE7A /* Sources */ = {
			isa = PBXSourcesBuildPhase;
			buildActionMask = 2147483647;
			files = (
				C064FD011F90B7C4002ACE7A /* main.swift in Sources */,
			);
			runOnlyForDeploymentPostprocessing = 0;
		};
		C064FD051F90B811002ACE7A /* Sources */ = {
			isa = PBXSourcesBuildPhase;
			buildActionMask = 2147483647;
			files = (
				C064FD0C1F90B811002ACE7A /* main.swift in Sources */,
			);
			runOnlyForDeploymentPostprocessing = 0;
		};
		C0965CD51F90B3900076D253 /* Sources */ = {
			isa = PBXSourcesBuildPhase;
			buildActionMask = 2147483647;
			files = (
			);
			runOnlyForDeploymentPostprocessing = 0;
		};
/* End PBXSourcesBuildPhase section */

/* Begin XCBuildConfiguration section */
		C064FCED1F90B3C9002ACE7A /* Debug */ = {
			isa = XCBuildConfiguration;
			buildSettings = {
				CLANG_CXX_LANGUAGE_STANDARD = "gnu++14";
				CLANG_WARN_BLOCK_CAPTURE_AUTORELEASING = YES;
				CLANG_WARN_COMMA = YES;
				CLANG_WARN_NON_LITERAL_NULL_CONVERSION = YES;
				CLANG_WARN_OBJC_LITERAL_CONVERSION = YES;
				CLANG_WARN_RANGE_LOOP_ANALYSIS = YES;
				CLANG_WARN_STRICT_PROTOTYPES = YES;
				CLANG_WARN_UNGUARDED_AVAILABILITY = YES_AGGRESSIVE;
				CODE_SIGN_IDENTITY = "Mac Developer";
				CODE_SIGN_STYLE = Automatic;
				DEVELOPMENT_TEAM = PGNG7584J8;
				GCC_C_LANGUAGE_STANDARD = gnu11;
				PRODUCT_NAME = "$(TARGET_NAME)";
				SWIFT_ACTIVE_COMPILATION_CONDITIONS = DEBUG;
				SWIFT_VERSION = 3.0;
			};
			name = Debug;
		};
		C064FCEE1F90B3C9002ACE7A /* Release */ = {
			isa = XCBuildConfiguration;
			buildSettings = {
				CLANG_CXX_LANGUAGE_STANDARD = "gnu++14";
				CLANG_WARN_BLOCK_CAPTURE_AUTORELEASING = YES;
				CLANG_WARN_COMMA = YES;
				CLANG_WARN_NON_LITERAL_NULL_CONVERSION = YES;
				CLANG_WARN_OBJC_LITERAL_CONVERSION = YES;
				CLANG_WARN_RANGE_LOOP_ANALYSIS = YES;
				CLANG_WARN_STRICT_PROTOTYPES = YES;
				CLANG_WARN_UNGUARDED_AVAILABILITY = YES_AGGRESSIVE;
				CODE_SIGN_IDENTITY = "Mac Developer";
				CODE_SIGN_STYLE = Automatic;
				DEVELOPMENT_TEAM = PGNG7584J8;
				GCC_C_LANGUAGE_STANDARD = gnu11;
				PRODUCT_NAME = "$(TARGET_NAME)";
				SWIFT_OPTIMIZATION_LEVEL = "-Owholemodule";
				SWIFT_VERSION = 3.0;
			};
			name = Release;
		};
		C064FCF81F90B78F002ACE7A /* Debug */ = {
			isa = XCBuildConfiguration;
			buildSettings = {
				CLANG_CXX_LANGUAGE_STANDARD = "gnu++14";
				CLANG_WARN_BLOCK_CAPTURE_AUTORELEASING = YES;
				CLANG_WARN_COMMA = YES;
				CLANG_WARN_NON_LITERAL_NULL_CONVERSION = YES;
				CLANG_WARN_OBJC_LITERAL_CONVERSION = YES;
				CLANG_WARN_RANGE_LOOP_ANALYSIS = YES;
				CLANG_WARN_STRICT_PROTOTYPES = YES;
				CLANG_WARN_UNGUARDED_AVAILABILITY = YES_AGGRESSIVE;
				CODE_SIGN_IDENTITY = "Mac Developer";
				CODE_SIGN_STYLE = Automatic;
				DEVELOPMENT_TEAM = PGNG7584J8;
				GCC_C_LANGUAGE_STANDARD = gnu11;
				PRODUCT_NAME = "$(TARGET_NAME)";
				SWIFT_ACTIVE_COMPILATION_CONDITIONS = DEBUG;
				SWIFT_VERSION = 4.0;
			};
			name = Debug;
		};
		C064FCF91F90B78F002ACE7A /* Release */ = {
			isa = XCBuildConfiguration;
			buildSettings = {
				CLANG_CXX_LANGUAGE_STANDARD = "gnu++14";
				CLANG_WARN_BLOCK_CAPTURE_AUTORELEASING = YES;
				CLANG_WARN_COMMA = YES;
				CLANG_WARN_NON_LITERAL_NULL_CONVERSION = YES;
				CLANG_WARN_OBJC_LITERAL_CONVERSION = YES;
				CLANG_WARN_RANGE_LOOP_ANALYSIS = YES;
				CLANG_WARN_STRICT_PROTOTYPES = YES;
				CLANG_WARN_UNGUARDED_AVAILABILITY = YES_AGGRESSIVE;
				CODE_SIGN_IDENTITY = "Mac Developer";
				CODE_SIGN_STYLE = Automatic;
				DEVELOPMENT_TEAM = PGNG7584J8;
				GCC_C_LANGUAGE_STANDARD = gnu11;
				PRODUCT_NAME = "$(TARGET_NAME)";
				SWIFT_OPTIMIZATION_LEVEL = "-Owholemodule";
				SWIFT_VERSION = 4.0;
			};
			name = Release;
		};
		C064FD031F90B7C4002ACE7A /* Debug */ = {
			isa = XCBuildConfiguration;
			buildSettings = {
				CLANG_CXX_LANGUAGE_STANDARD = "gnu++14";
				CLANG_WARN_BLOCK_CAPTURE_AUTORELEASING = YES;
				CLANG_WARN_COMMA = YES;
				CLANG_WARN_NON_LITERAL_NULL_CONVERSION = YES;
				CLANG_WARN_OBJC_LITERAL_CONVERSION = YES;
				CLANG_WARN_RANGE_LOOP_ANALYSIS = YES;
				CLANG_WARN_STRICT_PROTOTYPES = YES;
				CLANG_WARN_UNGUARDED_AVAILABILITY = YES_AGGRESSIVE;
				CODE_SIGN_IDENTITY = "Mac Developer";
				CODE_SIGN_STYLE = Automatic;
				DEVELOPMENT_TEAM = PGNG7584J8;
				GCC_C_LANGUAGE_STANDARD = gnu11;
				PRODUCT_NAME = "$(TARGET_NAME)";
				SWIFT_ACTIVE_COMPILATION_CONDITIONS = DEBUG;
				SWIFT_VERSION = 4.0;
			};
			name = Debug;
		};
		C064FD041F90B7C4002ACE7A /* Release */ = {
			isa = XCBuildConfiguration;
			buildSettings = {
				CLANG_CXX_LANGUAGE_STANDARD = "gnu++14";
				CLANG_WARN_BLOCK_CAPTURE_AUTORELEASING = YES;
				CLANG_WARN_COMMA = YES;
				CLANG_WARN_NON_LITERAL_NULL_CONVERSION = YES;
				CLANG_WARN_OBJC_LITERAL_CONVERSION = YES;
				CLANG_WARN_RANGE_LOOP_ANALYSIS = YES;
				CLANG_WARN_STRICT_PROTOTYPES = YES;
				CLANG_WARN_UNGUARDED_AVAILABILITY = YES_AGGRESSIVE;
				CODE_SIGN_IDENTITY = "Mac Developer";
				CODE_SIGN_STYLE = Automatic;
				DEVELOPMENT_TEAM = PGNG7584J8;
				GCC_C_LANGUAGE_STANDARD = gnu11;
				PRODUCT_NAME = "$(TARGET_NAME)";
				SWIFT_OPTIMIZATION_LEVEL = "-Owholemodule";
				SWIFT_VERSION = 4.0;
			};
			name = Release;
		};
		C064FD0E1F90B811002ACE7A /* Debug */ = {
			isa = XCBuildConfiguration;
			buildSettings = {
				CLANG_CXX_LANGUAGE_STANDARD = "gnu++14";
				CLANG_WARN_BLOCK_CAPTURE_AUTORELEASING = YES;
				CLANG_WARN_COMMA = YES;
				CLANG_WARN_NON_LITERAL_NULL_CONVERSION = YES;
				CLANG_WARN_OBJC_LITERAL_CONVERSION = YES;
				CLANG_WARN_RANGE_LOOP_ANALYSIS = YES;
				CLANG_WARN_STRICT_PROTOTYPES = YES;
				CLANG_WARN_UNGUARDED_AVAILABILITY = YES_AGGRESSIVE;
				CODE_SIGN_IDENTITY = "Mac Developer";
				CODE_SIGN_STYLE = Automatic;
				DEVELOPMENT_TEAM = PGNG7584J8;
				GCC_C_LANGUAGE_STANDARD = gnu11;
				PRODUCT_NAME = "$(TARGET_NAME)";
				SWIFT_ACTIVE_COMPILATION_CONDITIONS = DEBUG;
				SWIFT_VERSION = 4.0;
			};
			name = Debug;
		};
		C064FD0F1F90B811002ACE7A /* Release */ = {
			isa = XCBuildConfiguration;
			buildSettings = {
				CLANG_CXX_LANGUAGE_STANDARD = "gnu++14";
				CLANG_WARN_BLOCK_CAPTURE_AUTORELEASING = YES;
				CLANG_WARN_COMMA = YES;
				CLANG_WARN_NON_LITERAL_NULL_CONVERSION = YES;
				CLANG_WARN_OBJC_LITERAL_CONVERSION = YES;
				CLANG_WARN_RANGE_LOOP_ANALYSIS = YES;
				CLANG_WARN_STRICT_PROTOTYPES = YES;
				CLANG_WARN_UNGUARDED_AVAILABILITY = YES_AGGRESSIVE;
				CODE_SIGN_IDENTITY = "Mac Developer";
				CODE_SIGN_STYLE = Automatic;
				DEVELOPMENT_TEAM = PGNG7584J8;
				GCC_C_LANGUAGE_STANDARD = gnu11;
				PRODUCT_NAME = "$(TARGET_NAME)";
				SWIFT_OPTIMIZATION_LEVEL = "-Owholemodule";
				SWIFT_VERSION = 4.0;
			};
			name = Release;
		};
		C0965CDE1F90B3900076D253 /* Debug */ = {
			isa = XCBuildConfiguration;
			buildSettings = {
				ALWAYS_SEARCH_USER_PATHS = NO;
				CLANG_ANALYZER_NONNULL = YES;
				CLANG_ANALYZER_NUMBER_OBJECT_CONVERSION = YES_AGGRESSIVE;
				CLANG_CXX_LANGUAGE_STANDARD = "gnu++0x";
				CLANG_CXX_LIBRARY = "libc++";
				CLANG_ENABLE_MODULES = YES;
				CLANG_ENABLE_OBJC_ARC = YES;
				CLANG_WARN_BOOL_CONVERSION = YES;
				CLANG_WARN_CONSTANT_CONVERSION = YES;
				CLANG_WARN_DIRECT_OBJC_ISA_USAGE = YES_ERROR;
				CLANG_WARN_DOCUMENTATION_COMMENTS = YES;
				CLANG_WARN_EMPTY_BODY = YES;
				CLANG_WARN_ENUM_CONVERSION = YES;
				CLANG_WARN_INFINITE_RECURSION = YES;
				CLANG_WARN_INT_CONVERSION = YES;
				CLANG_WARN_OBJC_ROOT_CLASS = YES_ERROR;
				CLANG_WARN_SUSPICIOUS_MOVE = YES;
				CLANG_WARN_UNREACHABLE_CODE = YES;
				CLANG_WARN__DUPLICATE_METHOD_MATCH = YES;
				CODE_SIGN_IDENTITY = "-";
				COPY_PHASE_STRIP = NO;
				DEBUG_INFORMATION_FORMAT = dwarf;
				ENABLE_STRICT_OBJC_MSGSEND = YES;
				ENABLE_TESTABILITY = YES;
				GCC_C_LANGUAGE_STANDARD = gnu99;
				GCC_DYNAMIC_NO_PIC = NO;
				GCC_NO_COMMON_BLOCKS = YES;
				GCC_OPTIMIZATION_LEVEL = 0;
				GCC_PREPROCESSOR_DEFINITIONS = (
					"DEBUG=1",
					"$(inherited)",
				);
				GCC_WARN_64_TO_32_BIT_CONVERSION = YES;
				GCC_WARN_ABOUT_RETURN_TYPE = YES_ERROR;
				GCC_WARN_UNDECLARED_SELECTOR = YES;
				GCC_WARN_UNINITIALIZED_AUTOS = YES_AGGRESSIVE;
				GCC_WARN_UNUSED_FUNCTION = YES;
				GCC_WARN_UNUSED_VARIABLE = YES;
				MACOSX_DEPLOYMENT_TARGET = 10.13;
				MTL_ENABLE_DEBUG_INFO = YES;
				ONLY_ACTIVE_ARCH = YES;
				SDKROOT = macosx;
				SWIFT_OPTIMIZATION_LEVEL = "-Onone";
			};
			name = Debug;
		};
		C0965CDF1F90B3900076D253 /* Release */ = {
			isa = XCBuildConfiguration;
			buildSettings = {
				ALWAYS_SEARCH_USER_PATHS = NO;
				CLANG_ANALYZER_NONNULL = YES;
				CLANG_ANALYZER_NUMBER_OBJECT_CONVERSION = YES_AGGRESSIVE;
				CLANG_CXX_LANGUAGE_STANDARD = "gnu++0x";
				CLANG_CXX_LIBRARY = "libc++";
				CLANG_ENABLE_MODULES = YES;
				CLANG_ENABLE_OBJC_ARC = YES;
				CLANG_WARN_BOOL_CONVERSION = YES;
				CLANG_WARN_CONSTANT_CONVERSION = YES;
				CLANG_WARN_DIRECT_OBJC_ISA_USAGE = YES_ERROR;
				CLANG_WARN_DOCUMENTATION_COMMENTS = YES;
				CLANG_WARN_EMPTY_BODY = YES;
				CLANG_WARN_ENUM_CONVERSION = YES;
				CLANG_WARN_INFINITE_RECURSION = YES;
				CLANG_WARN_INT_CONVERSION = YES;
				CLANG_WARN_OBJC_ROOT_CLASS = YES_ERROR;
				CLANG_WARN_SUSPICIOUS_MOVE = YES;
				CLANG_WARN_UNREACHABLE_CODE = YES;
				CLANG_WARN__DUPLICATE_METHOD_MATCH = YES;
				CODE_SIGN_IDENTITY = "-";
				COPY_PHASE_STRIP = NO;
				DEBUG_INFORMATION_FORMAT = "dwarf-with-dsym";
				ENABLE_NS_ASSERTIONS = NO;
				ENABLE_STRICT_OBJC_MSGSEND = YES;
				GCC_C_LANGUAGE_STANDARD = gnu99;
				GCC_NO_COMMON_BLOCKS = YES;
				GCC_WARN_64_TO_32_BIT_CONVERSION = YES;
				GCC_WARN_ABOUT_RETURN_TYPE = YES_ERROR;
				GCC_WARN_UNDECLARED_SELECTOR = YES;
				GCC_WARN_UNINITIALIZED_AUTOS = YES_AGGRESSIVE;
				GCC_WARN_UNUSED_FUNCTION = YES;
				GCC_WARN_UNUSED_VARIABLE = YES;
				MACOSX_DEPLOYMENT_TARGET = 10.13;
				MTL_ENABLE_DEBUG_INFO = NO;
				SDKROOT = macosx;
			};
			name = Release;
		};
		C0965CE11F90B3900076D253 /* Debug */ = {
			isa = XCBuildConfiguration;
			buildSettings = {
				DEVELOPMENT_TEAM = PGNG7584J8;
				PRODUCT_NAME = "$(TARGET_NAME)";
				SWIFT_VERSION = 3.0;
			};
			name = Debug;
		};
		C0965CE21F90B3900076D253 /* Release */ = {
			isa = XCBuildConfiguration;
			buildSettings = {
				DEVELOPMENT_TEAM = PGNG7584J8;
				PRODUCT_NAME = "$(TARGET_NAME)";
				SWIFT_VERSION = 3.0;
			};
			name = Release;
		};
/* End XCBuildConfiguration section */

/* Begin XCConfigurationList section */
		C064FCEC1F90B3C9002ACE7A /* Build configuration list for PBXNativeTarget "1-TwoSum" */ = {
			isa = XCConfigurationList;
			buildConfigurations = (
				C064FCED1F90B3C9002ACE7A /* Debug */,
				C064FCEE1F90B3C9002ACE7A /* Release */,
			);
			defaultConfigurationIsVisible = 0;
			defaultConfigurationName = Release;
		};
		C064FCF71F90B78F002ACE7A /* Build configuration list for PBXNativeTarget "2-AddTwoNumbers" */ = {
			isa = XCConfigurationList;
			buildConfigurations = (
				C064FCF81F90B78F002ACE7A /* Debug */,
				C064FCF91F90B78F002ACE7A /* Release */,
			);
			defaultConfigurationIsVisible = 0;
			defaultConfigurationName = Release;
		};
		C064FD021F90B7C4002ACE7A /* Build configuration list for PBXNativeTarget "3-LongestSubstringWithoutRepeatingCharacters" */ = {
			isa = XCConfigurationList;
			buildConfigurations = (
				C064FD031F90B7C4002ACE7A /* Debug */,
				C064FD041F90B7C4002ACE7A /* Release */,
			);
			defaultConfigurationIsVisible = 0;
			defaultConfigurationName = Release;
		};
		C064FD0D1F90B811002ACE7A /* Build configuration list for PBXNativeTarget "4-MedianofTwoSortedArrays" */ = {
			isa = XCConfigurationList;
			buildConfigurations = (
				C064FD0E1F90B811002ACE7A /* Debug */,
				C064FD0F1F90B811002ACE7A /* Release */,
			);
			defaultConfigurationIsVisible = 0;
			defaultConfigurationName = Release;
		};
		C0965CD41F90B3900076D253 /* Build configuration list for PBXProject "LeetCode" */ = {
			isa = XCConfigurationList;
			buildConfigurations = (
				C0965CDE1F90B3900076D253 /* Debug */,
				C0965CDF1F90B3900076D253 /* Release */,
			);
			defaultConfigurationIsVisible = 0;
			defaultConfigurationName = Release;
		};
		C0965CE01F90B3900076D253 /* Build configuration list for PBXNativeTarget "LeetCode" */ = {
			isa = XCConfigurationList;
			buildConfigurations = (
				C0965CE11F90B3900076D253 /* Debug */,
				C0965CE21F90B3900076D253 /* Release */,
			);
			defaultConfigurationIsVisible = 0;
			defaultConfigurationName = Release;
		};
/* End XCConfigurationList section */
	};
	rootObject = C0965CD11F90B3900076D253 /* Project object */;
}
