// !$*UTF8*$!
{
	archiveVersion = 1;
	classes = {
	};
	objectVersion = 46;
	objects = {

/* Begin PBXBuildFile section */
		C034E9831F91E45100D19AE6 /* main.swift in Sources */ = {isa = PBXBuildFile; fileRef = C034E9821F91E45100D19AE6 /* main.swift */; };
		C034E98E1F91E4A800D19AE6 /* main.swift in Sources */ = {isa = PBXBuildFile; fileRef = C034E98D1F91E4A800D19AE6 /* main.swift */; };
		C034E9991F91E4C400D19AE6 /* main.swift in Sources */ = {isa = PBXBuildFile; fileRef = C034E9981F91E4C400D19AE6 /* main.swift */; };
		C034E9A41F91E4E200D19AE6 /* main.swift in Sources */ = {isa = PBXBuildFile; fileRef = C034E9A31F91E4E200D19AE6 /* main.swift */; };
		C034E9AF1F91E4FD00D19AE6 /* main.swift in Sources */ = {isa = PBXBuildFile; fileRef = C034E9AE1F91E4FD00D19AE6 /* main.swift */; };
		C0E6D0351F91FF81006905FD /* main.swift in Sources */ = {isa = PBXBuildFile; fileRef = C0E6D0341F91FF81006905FD /* main.swift */; };
/* End PBXBuildFile section */

/* Begin PBXCopyFilesBuildPhase section */
		C034E9701F91BDFF00D19AE6 /* CopyFiles */ = {
			isa = PBXCopyFilesBuildPhase;
			buildActionMask = 2147483647;
			dstPath = /usr/share/man/man1/;
			dstSubfolderSpec = 0;
			files = (
			);
			runOnlyForDeploymentPostprocessing = 1;
		};
		C034E97E1F91E45100D19AE6 /* CopyFiles */ = {
			isa = PBXCopyFilesBuildPhase;
			buildActionMask = 2147483647;
			dstPath = /usr/share/man/man1/;
			dstSubfolderSpec = 0;
			files = (
			);
			runOnlyForDeploymentPostprocessing = 1;
		};
		C034E9891F91E4A800D19AE6 /* CopyFiles */ = {
			isa = PBXCopyFilesBuildPhase;
			buildActionMask = 2147483647;
			dstPath = /usr/share/man/man1/;
			dstSubfolderSpec = 0;
			files = (
			);
			runOnlyForDeploymentPostprocessing = 1;
		};
		C034E9941F91E4C400D19AE6 /* CopyFiles */ = {
			isa = PBXCopyFilesBuildPhase;
			buildActionMask = 2147483647;
			dstPath = /usr/share/man/man1/;
			dstSubfolderSpec = 0;
			files = (
			);
			runOnlyForDeploymentPostprocessing = 1;
		};
		C034E99F1F91E4E200D19AE6 /* CopyFiles */ = {
			isa = PBXCopyFilesBuildPhase;
			buildActionMask = 2147483647;
			dstPath = /usr/share/man/man1/;
			dstSubfolderSpec = 0;
			files = (
			);
			runOnlyForDeploymentPostprocessing = 1;
		};
		C034E9AA1F91E4FD00D19AE6 /* CopyFiles */ = {
			isa = PBXCopyFilesBuildPhase;
			buildActionMask = 2147483647;
			dstPath = /usr/share/man/man1/;
			dstSubfolderSpec = 0;
			files = (
			);
			runOnlyForDeploymentPostprocessing = 1;
		};
		C0E6D0301F91FF80006905FD /* CopyFiles */ = {
			isa = PBXCopyFilesBuildPhase;
			buildActionMask = 2147483647;
			dstPath = /usr/share/man/man1/;
			dstSubfolderSpec = 0;
			files = (
			);
			runOnlyForDeploymentPostprocessing = 1;
		};
/* End PBXCopyFilesBuildPhase section */

/* Begin PBXFileReference section */
		C034E9721F91BDFF00D19AE6 /* LeetCode */ = {isa = PBXFileReference; explicitFileType = "compiled.mach-o.executable"; includeInIndex = 0; path = LeetCode; sourceTree = BUILT_PRODUCTS_DIR; };
		C034E9801F91E45100D19AE6 /* 1-TwoSum */ = {isa = PBXFileReference; explicitFileType = "compiled.mach-o.executable"; includeInIndex = 0; path = "1-TwoSum"; sourceTree = BUILT_PRODUCTS_DIR; };
		C034E9821F91E45100D19AE6 /* main.swift */ = {isa = PBXFileReference; lastKnownFileType = sourcecode.swift; path = main.swift; sourceTree = "<group>"; };
		C034E98B1F91E4A800D19AE6 /* 2-AddTwoNumbers */ = {isa = PBXFileReference; explicitFileType = "compiled.mach-o.executable"; includeInIndex = 0; path = "2-AddTwoNumbers"; sourceTree = BUILT_PRODUCTS_DIR; };
		C034E98D1F91E4A800D19AE6 /* main.swift */ = {isa = PBXFileReference; lastKnownFileType = sourcecode.swift; path = main.swift; sourceTree = "<group>"; };
		C034E9961F91E4C400D19AE6 /* 3-LongestSubstringWithoutRepeatingCharacters */ = {isa = PBXFileReference; explicitFileType = "compiled.mach-o.executable"; includeInIndex = 0; path = "3-LongestSubstringWithoutRepeatingCharacters"; sourceTree = BUILT_PRODUCTS_DIR; };
		C034E9981F91E4C400D19AE6 /* main.swift */ = {isa = PBXFileReference; lastKnownFileType = sourcecode.swift; path = main.swift; sourceTree = "<group>"; };
		C034E9A11F91E4E200D19AE6 /* 4-MedianofTwoSortedArrays */ = {isa = PBXFileReference; explicitFileType = "compiled.mach-o.executable"; includeInIndex = 0; path = "4-MedianofTwoSortedArrays"; sourceTree = BUILT_PRODUCTS_DIR; };
		C034E9A31F91E4E200D19AE6 /* main.swift */ = {isa = PBXFileReference; lastKnownFileType = sourcecode.swift; path = main.swift; sourceTree = "<group>"; };
		C034E9AC1F91E4FD00D19AE6 /* 5-LongestPalindromicSubstring */ = {isa = PBXFileReference; explicitFileType = "compiled.mach-o.executable"; includeInIndex = 0; path = "5-LongestPalindromicSubstring"; sourceTree = BUILT_PRODUCTS_DIR; };
		C034E9AE1F91E4FD00D19AE6 /* main.swift */ = {isa = PBXFileReference; lastKnownFileType = sourcecode.swift; path = main.swift; sourceTree = "<group>"; };
		C0E6D0321F91FF80006905FD /* 6-ZigZagConversion */ = {isa = PBXFileReference; explicitFileType = "compiled.mach-o.executable"; includeInIndex = 0; path = "6-ZigZagConversion"; sourceTree = BUILT_PRODUCTS_DIR; };
		C0E6D0341F91FF81006905FD /* main.swift */ = {isa = PBXFileReference; lastKnownFileType = sourcecode.swift; path = main.swift; sourceTree = "<group>"; };
/* End PBXFileReference section */

/* Begin PBXFrameworksBuildPhase section */
		C034E96F1F91BDFF00D19AE6 /* Frameworks */ = {
			isa = PBXFrameworksBuildPhase;
			buildActionMask = 2147483647;
			files = (
			);
			runOnlyForDeploymentPostprocessing = 0;
		};
		C034E97D1F91E45100D19AE6 /* Frameworks */ = {
			isa = PBXFrameworksBuildPhase;
			buildActionMask = 2147483647;
			files = (
			);
			runOnlyForDeploymentPostprocessing = 0;
		};
		C034E9881F91E4A800D19AE6 /* Frameworks */ = {
			isa = PBXFrameworksBuildPhase;
			buildActionMask = 2147483647;
			files = (
			);
			runOnlyForDeploymentPostprocessing = 0;
		};
		C034E9931F91E4C400D19AE6 /* Frameworks */ = {
			isa = PBXFrameworksBuildPhase;
			buildActionMask = 2147483647;
			files = (
			);
			runOnlyForDeploymentPostprocessing = 0;
		};
		C034E99E1F91E4E200D19AE6 /* Frameworks */ = {
			isa = PBXFrameworksBuildPhase;
			buildActionMask = 2147483647;
			files = (
			);
			runOnlyForDeploymentPostprocessing = 0;
		};
		C034E9A91F91E4FD00D19AE6 /* Frameworks */ = {
			isa = PBXFrameworksBuildPhase;
			buildActionMask = 2147483647;
			files = (
			);
			runOnlyForDeploymentPostprocessing = 0;
		};
		C0E6D02F1F91FF80006905FD /* Frameworks */ = {
			isa = PBXFrameworksBuildPhase;
			buildActionMask = 2147483647;
			files = (
			);
			runOnlyForDeploymentPostprocessing = 0;
		};
/* End PBXFrameworksBuildPhase section */

/* Begin PBXGroup section */
		C034E9691F91BDFF00D19AE6 = {
			isa = PBXGroup;
			children = (
				C034E9811F91E45100D19AE6 /* 1-TwoSum */,
				C034E98C1F91E4A800D19AE6 /* 2-AddTwoNumbers */,
				C034E9971F91E4C400D19AE6 /* 3-LongestSubstringWithoutRepeatingCharacters */,
				C034E9A21F91E4E200D19AE6 /* 4-MedianofTwoSortedArrays */,
				C034E9AD1F91E4FD00D19AE6 /* 5-LongestPalindromicSubstring */,
				C0E6D0331F91FF81006905FD /* 6-ZigZagConversion */,
				C034E9731F91BDFF00D19AE6 /* Products */,
			);
			sourceTree = "<group>";
		};
		C034E9731F91BDFF00D19AE6 /* Products */ = {
			isa = PBXGroup;
			children = (
				C034E9721F91BDFF00D19AE6 /* LeetCode */,
				C034E9801F91E45100D19AE6 /* 1-TwoSum */,
				C034E98B1F91E4A800D19AE6 /* 2-AddTwoNumbers */,
				C034E9961F91E4C400D19AE6 /* 3-LongestSubstringWithoutRepeatingCharacters */,
				C034E9A11F91E4E200D19AE6 /* 4-MedianofTwoSortedArrays */,
				C034E9AC1F91E4FD00D19AE6 /* 5-LongestPalindromicSubstring */,
				C0E6D0321F91FF80006905FD /* 6-ZigZagConversion */,
			);
			name = Products;
			sourceTree = "<group>";
		};
		C034E9811F91E45100D19AE6 /* 1-TwoSum */ = {
			isa = PBXGroup;
			children = (
				C034E9821F91E45100D19AE6 /* main.swift */,
			);
			path = "1-TwoSum";
			sourceTree = "<group>";
		};
		C034E98C1F91E4A800D19AE6 /* 2-AddTwoNumbers */ = {
			isa = PBXGroup;
			children = (
				C034E98D1F91E4A800D19AE6 /* main.swift */,
			);
			path = "2-AddTwoNumbers";
			sourceTree = "<group>";
		};
		C034E9971F91E4C400D19AE6 /* 3-LongestSubstringWithoutRepeatingCharacters */ = {
			isa = PBXGroup;
			children = (
				C034E9981F91E4C400D19AE6 /* main.swift */,
			);
			path = "3-LongestSubstringWithoutRepeatingCharacters";
			sourceTree = "<group>";
		};
		C034E9A21F91E4E200D19AE6 /* 4-MedianofTwoSortedArrays */ = {
			isa = PBXGroup;
			children = (
				C034E9A31F91E4E200D19AE6 /* main.swift */,
			);
			path = "4-MedianofTwoSortedArrays";
			sourceTree = "<group>";
		};
		C034E9AD1F91E4FD00D19AE6 /* 5-LongestPalindromicSubstring */ = {
			isa = PBXGroup;
			children = (
				C034E9AE1F91E4FD00D19AE6 /* main.swift */,
			);
			path = "5-LongestPalindromicSubstring";
			sourceTree = "<group>";
		};
		C0E6D0331F91FF81006905FD /* 6-ZigZagConversion */ = {
			isa = PBXGroup;
			children = (
				C0E6D0341F91FF81006905FD /* main.swift */,
			);
			path = "6-ZigZagConversion";
			sourceTree = "<group>";
		};
/* End PBXGroup section */

/* Begin PBXNativeTarget section */
		C034E9711F91BDFF00D19AE6 /* LeetCode */ = {
			isa = PBXNativeTarget;
			buildConfigurationList = C034E9791F91BDFF00D19AE6 /* Build configuration list for PBXNativeTarget "LeetCode" */;
			buildPhases = (
				C034E96E1F91BDFF00D19AE6 /* Sources */,
				C034E96F1F91BDFF00D19AE6 /* Frameworks */,
				C034E9701F91BDFF00D19AE6 /* CopyFiles */,
			);
			buildRules = (
			);
			dependencies = (
			);
			name = LeetCode;
			productName = LeetCode;
			productReference = C034E9721F91BDFF00D19AE6 /* LeetCode */;
			productType = "com.apple.product-type.tool";
		};
		C034E97F1F91E45100D19AE6 /* 1-TwoSum */ = {
			isa = PBXNativeTarget;
			buildConfigurationList = C034E9861F91E45100D19AE6 /* Build configuration list for PBXNativeTarget "1-TwoSum" */;
			buildPhases = (
				C034E97C1F91E45100D19AE6 /* Sources */,
				C034E97D1F91E45100D19AE6 /* Frameworks */,
				C034E97E1F91E45100D19AE6 /* CopyFiles */,
			);
			buildRules = (
			);
			dependencies = (
			);
			name = "1-TwoSum";
			productName = "1-TwoSum";
			productReference = C034E9801F91E45100D19AE6 /* 1-TwoSum */;
			productType = "com.apple.product-type.tool";
		};
		C034E98A1F91E4A800D19AE6 /* 2-AddTwoNumbers */ = {
			isa = PBXNativeTarget;
			buildConfigurationList = C034E98F1F91E4A800D19AE6 /* Build configuration list for PBXNativeTarget "2-AddTwoNumbers" */;
			buildPhases = (
				C034E9871F91E4A800D19AE6 /* Sources */,
				C034E9881F91E4A800D19AE6 /* Frameworks */,
				C034E9891F91E4A800D19AE6 /* CopyFiles */,
			);
			buildRules = (
			);
			dependencies = (
			);
			name = "2-AddTwoNumbers";
			productName = "2-AddTwoNumbers";
			productReference = C034E98B1F91E4A800D19AE6 /* 2-AddTwoNumbers */;
			productType = "com.apple.product-type.tool";
		};
		C034E9951F91E4C400D19AE6 /* 3-LongestSubstringWithoutRepeatingCharacters */ = {
			isa = PBXNativeTarget;
			buildConfigurationList = C034E99A1F91E4C400D19AE6 /* Build configuration list for PBXNativeTarget "3-LongestSubstringWithoutRepeatingCharacters" */;
			buildPhases = (
				C034E9921F91E4C400D19AE6 /* Sources */,
				C034E9931F91E4C400D19AE6 /* Frameworks */,
				C034E9941F91E4C400D19AE6 /* CopyFiles */,
			);
			buildRules = (
			);
			dependencies = (
			);
			name = "3-LongestSubstringWithoutRepeatingCharacters";
			productName = "3-LongestSubstringWithoutRepeatingCharacters";
			productReference = C034E9961F91E4C400D19AE6 /* 3-LongestSubstringWithoutRepeatingCharacters */;
			productType = "com.apple.product-type.tool";
		};
		C034E9A01F91E4E200D19AE6 /* 4-MedianofTwoSortedArrays */ = {
			isa = PBXNativeTarget;
			buildConfigurationList = C034E9A51F91E4E200D19AE6 /* Build configuration list for PBXNativeTarget "4-MedianofTwoSortedArrays" */;
			buildPhases = (
				C034E99D1F91E4E200D19AE6 /* Sources */,
				C034E99E1F91E4E200D19AE6 /* Frameworks */,
				C034E99F1F91E4E200D19AE6 /* CopyFiles */,
			);
			buildRules = (
			);
			dependencies = (
			);
			name = "4-MedianofTwoSortedArrays";
			productName = "4-MedianofTwoSortedArrays";
			productReference = C034E9A11F91E4E200D19AE6 /* 4-MedianofTwoSortedArrays */;
			productType = "com.apple.product-type.tool";
		};
		C034E9AB1F91E4FD00D19AE6 /* 5-LongestPalindromicSubstring */ = {
			isa = PBXNativeTarget;
			buildConfigurationList = C034E9B01F91E4FD00D19AE6 /* Build configuration list for PBXNativeTarget "5-LongestPalindromicSubstring" */;
			buildPhases = (
				C034E9A81F91E4FD00D19AE6 /* Sources */,
				C034E9A91F91E4FD00D19AE6 /* Frameworks */,
				C034E9AA1F91E4FD00D19AE6 /* CopyFiles */,
			);
			buildRules = (
			);
			dependencies = (
			);
			name = "5-LongestPalindromicSubstring";
			productName = "5-LongestPalindromicSubstring";
			productReference = C034E9AC1F91E4FD00D19AE6 /* 5-LongestPalindromicSubstring */;
			productType = "com.apple.product-type.tool";
		};
		C0E6D0311F91FF80006905FD /* 6-ZigZagConversion */ = {
			isa = PBXNativeTarget;
			buildConfigurationList = C0E6D0381F91FF81006905FD /* Build configuration list for PBXNativeTarget "6-ZigZagConversion" */;
			buildPhases = (
				C0E6D02E1F91FF80006905FD /* Sources */,
				C0E6D02F1F91FF80006905FD /* Frameworks */,
				C0E6D0301F91FF80006905FD /* CopyFiles */,
			);
			buildRules = (
			);
			dependencies = (
			);
			name = "6-ZigZagConversion";
			productName = "6-ZigZagConversion";
			productReference = C0E6D0321F91FF80006905FD /* 6-ZigZagConversion */;
			productType = "com.apple.product-type.tool";
		};
/* End PBXNativeTarget section */

/* Begin PBXProject section */
		C034E96A1F91BDFF00D19AE6 /* Project object */ = {
			isa = PBXProject;
			attributes = {
				LastSwiftUpdateCheck = 0830;
				LastUpgradeCheck = 0830;
				ORGANIZATIONNAME = Shvier;
				TargetAttributes = {
					C034E9711F91BDFF00D19AE6 = {
						CreatedOnToolsVersion = 8.3.3;
						DevelopmentTeam = PGNG7584J8;
						ProvisioningStyle = Automatic;
					};
					C034E97F1F91E45100D19AE6 = {
						CreatedOnToolsVersion = 8.3.3;
						DevelopmentTeam = PGNG7584J8;
						ProvisioningStyle = Automatic;
					};
					C034E98A1F91E4A800D19AE6 = {
						CreatedOnToolsVersion = 8.3.3;
						DevelopmentTeam = PGNG7584J8;
						ProvisioningStyle = Automatic;
					};
					C034E9951F91E4C400D19AE6 = {
						CreatedOnToolsVersion = 8.3.3;
						DevelopmentTeam = PGNG7584J8;
						ProvisioningStyle = Automatic;
					};
					C034E9A01F91E4E200D19AE6 = {
						CreatedOnToolsVersion = 8.3.3;
						DevelopmentTeam = PGNG7584J8;
						ProvisioningStyle = Automatic;
					};
					C034E9AB1F91E4FD00D19AE6 = {
						CreatedOnToolsVersion = 8.3.3;
						DevelopmentTeam = PGNG7584J8;
						ProvisioningStyle = Automatic;
					};
					C0E6D0311F91FF80006905FD = {
						CreatedOnToolsVersion = 8.3.3;
						DevelopmentTeam = PGNG7584J8;
						ProvisioningStyle = Automatic;
					};
				};
			};
			buildConfigurationList = C034E96D1F91BDFF00D19AE6 /* Build configuration list for PBXProject "LeetCode" */;
			compatibilityVersion = "Xcode 3.2";
			developmentRegion = English;
			hasScannedForEncodings = 0;
			knownRegions = (
				en,
			);
			mainGroup = C034E9691F91BDFF00D19AE6;
			productRefGroup = C034E9731F91BDFF00D19AE6 /* Products */;
			projectDirPath = "";
			projectRoot = "";
			targets = (
				C034E9711F91BDFF00D19AE6 /* LeetCode */,
				C034E97F1F91E45100D19AE6 /* 1-TwoSum */,
				C034E98A1F91E4A800D19AE6 /* 2-AddTwoNumbers */,
				C034E9951F91E4C400D19AE6 /* 3-LongestSubstringWithoutRepeatingCharacters */,
				C034E9A01F91E4E200D19AE6 /* 4-MedianofTwoSortedArrays */,
				C034E9AB1F91E4FD00D19AE6 /* 5-LongestPalindromicSubstring */,
				C0E6D0311F91FF80006905FD /* 6-ZigZagConversion */,
			);
		};
/* End PBXProject section */

/* Begin PBXSourcesBuildPhase section */
		C034E96E1F91BDFF00D19AE6 /* Sources */ = {
			isa = PBXSourcesBuildPhase;
			buildActionMask = 2147483647;
			files = (
			);
			runOnlyForDeploymentPostprocessing = 0;
		};
		C034E97C1F91E45100D19AE6 /* Sources */ = {
			isa = PBXSourcesBuildPhase;
			buildActionMask = 2147483647;
			files = (
				C034E9831F91E45100D19AE6 /* main.swift in Sources */,
			);
			runOnlyForDeploymentPostprocessing = 0;
		};
		C034E9871F91E4A800D19AE6 /* Sources */ = {
			isa = PBXSourcesBuildPhase;
			buildActionMask = 2147483647;
			files = (
				C034E98E1F91E4A800D19AE6 /* main.swift in Sources */,
			);
			runOnlyForDeploymentPostprocessing = 0;
		};
		C034E9921F91E4C400D19AE6 /* Sources */ = {
			isa = PBXSourcesBuildPhase;
			buildActionMask = 2147483647;
			files = (
				C034E9991F91E4C400D19AE6 /* main.swift in Sources */,
			);
			runOnlyForDeploymentPostprocessing = 0;
		};
		C034E99D1F91E4E200D19AE6 /* Sources */ = {
			isa = PBXSourcesBuildPhase;
			buildActionMask = 2147483647;
			files = (
				C034E9A41F91E4E200D19AE6 /* main.swift in Sources */,
			);
			runOnlyForDeploymentPostprocessing = 0;
		};
		C034E9A81F91E4FD00D19AE6 /* Sources */ = {
			isa = PBXSourcesBuildPhase;
			buildActionMask = 2147483647;
			files = (
				C034E9AF1F91E4FD00D19AE6 /* main.swift in Sources */,
			);
			runOnlyForDeploymentPostprocessing = 0;
		};
		C0E6D02E1F91FF80006905FD /* Sources */ = {
			isa = PBXSourcesBuildPhase;
			buildActionMask = 2147483647;
			files = (
				C0E6D0351F91FF81006905FD /* main.swift in Sources */,
			);
			runOnlyForDeploymentPostprocessing = 0;
		};
/* End PBXSourcesBuildPhase section */

/* Begin XCBuildConfiguration section */
		C034E9771F91BDFF00D19AE6 /* Debug */ = {
			isa = XCBuildConfiguration;
			buildSettings = {
				ALWAYS_SEARCH_USER_PATHS = NO;
				CLANG_ANALYZER_NONNULL = YES;
				CLANG_ANALYZER_NUMBER_OBJECT_CONVERSION = YES_AGGRESSIVE;
				CLANG_CXX_LANGUAGE_STANDARD = "gnu++0x";
				CLANG_CXX_LIBRARY = "libc++";
				CLANG_ENABLE_MODULES = YES;
				CLANG_ENABLE_OBJC_ARC = YES;
				CLANG_WARN_BOOL_CONVERSION = YES;
				CLANG_WARN_CONSTANT_CONVERSION = YES;
				CLANG_WARN_DIRECT_OBJC_ISA_USAGE = YES_ERROR;
				CLANG_WARN_DOCUMENTATION_COMMENTS = YES;
				CLANG_WARN_EMPTY_BODY = YES;
				CLANG_WARN_ENUM_CONVERSION = YES;
				CLANG_WARN_INFINITE_RECURSION = YES;
				CLANG_WARN_INT_CONVERSION = YES;
				CLANG_WARN_OBJC_ROOT_CLASS = YES_ERROR;
				CLANG_WARN_SUSPICIOUS_MOVE = YES;
				CLANG_WARN_UNREACHABLE_CODE = YES;
				CLANG_WARN__DUPLICATE_METHOD_MATCH = YES;
				CODE_SIGN_IDENTITY = "-";
				COPY_PHASE_STRIP = NO;
				DEBUG_INFORMATION_FORMAT = dwarf;
				ENABLE_STRICT_OBJC_MSGSEND = YES;
				ENABLE_TESTABILITY = YES;
				GCC_C_LANGUAGE_STANDARD = gnu99;
				GCC_DYNAMIC_NO_PIC = NO;
				GCC_NO_COMMON_BLOCKS = YES;
				GCC_OPTIMIZATION_LEVEL = 0;
				GCC_PREPROCESSOR_DEFINITIONS = (
					"DEBUG=1",
					"$(inherited)",
				);
				GCC_WARN_64_TO_32_BIT_CONVERSION = YES;
				GCC_WARN_ABOUT_RETURN_TYPE = YES_ERROR;
				GCC_WARN_UNDECLARED_SELECTOR = YES;
				GCC_WARN_UNINITIALIZED_AUTOS = YES_AGGRESSIVE;
				GCC_WARN_UNUSED_FUNCTION = YES;
				GCC_WARN_UNUSED_VARIABLE = YES;
				MACOSX_DEPLOYMENT_TARGET = 10.13;
				MTL_ENABLE_DEBUG_INFO = YES;
				ONLY_ACTIVE_ARCH = YES;
				SDKROOT = macosx;
				SWIFT_OPTIMIZATION_LEVEL = "-Onone";
			};
			name = Debug;
		};
		C034E9781F91BDFF00D19AE6 /* Release */ = {
			isa = XCBuildConfiguration;
			buildSettings = {
				ALWAYS_SEARCH_USER_PATHS = NO;
				CLANG_ANALYZER_NONNULL = YES;
				CLANG_ANALYZER_NUMBER_OBJECT_CONVERSION = YES_AGGRESSIVE;
				CLANG_CXX_LANGUAGE_STANDARD = "gnu++0x";
				CLANG_CXX_LIBRARY = "libc++";
				CLANG_ENABLE_MODULES = YES;
				CLANG_ENABLE_OBJC_ARC = YES;
				CLANG_WARN_BOOL_CONVERSION = YES;
				CLANG_WARN_CONSTANT_CONVERSION = YES;
				CLANG_WARN_DIRECT_OBJC_ISA_USAGE = YES_ERROR;
				CLANG_WARN_DOCUMENTATION_COMMENTS = YES;
				CLANG_WARN_EMPTY_BODY = YES;
				CLANG_WARN_ENUM_CONVERSION = YES;
				CLANG_WARN_INFINITE_RECURSION = YES;
				CLANG_WARN_INT_CONVERSION = YES;
				CLANG_WARN_OBJC_ROOT_CLASS = YES_ERROR;
				CLANG_WARN_SUSPICIOUS_MOVE = YES;
				CLANG_WARN_UNREACHABLE_CODE = YES;
				CLANG_WARN__DUPLICATE_METHOD_MATCH = YES;
				CODE_SIGN_IDENTITY = "-";
				COPY_PHASE_STRIP = NO;
				DEBUG_INFORMATION_FORMAT = "dwarf-with-dsym";
				ENABLE_NS_ASSERTIONS = NO;
				ENABLE_STRICT_OBJC_MSGSEND = YES;
				GCC_C_LANGUAGE_STANDARD = gnu99;
				GCC_NO_COMMON_BLOCKS = YES;
				GCC_WARN_64_TO_32_BIT_CONVERSION = YES;
				GCC_WARN_ABOUT_RETURN_TYPE = YES_ERROR;
				GCC_WARN_UNDECLARED_SELECTOR = YES;
				GCC_WARN_UNINITIALIZED_AUTOS = YES_AGGRESSIVE;
				GCC_WARN_UNUSED_FUNCTION = YES;
				GCC_WARN_UNUSED_VARIABLE = YES;
				MACOSX_DEPLOYMENT_TARGET = 10.13;
				MTL_ENABLE_DEBUG_INFO = NO;
				SDKROOT = macosx;
			};
			name = Release;
		};
		C034E97A1F91BDFF00D19AE6 /* Debug */ = {
			isa = XCBuildConfiguration;
			buildSettings = {
				DEVELOPMENT_TEAM = PGNG7584J8;
				PRODUCT_NAME = "$(TARGET_NAME)";
				SWIFT_VERSION = 3.0;
			};
			name = Debug;
		};
		C034E97B1F91BDFF00D19AE6 /* Release */ = {
			isa = XCBuildConfiguration;
			buildSettings = {
				DEVELOPMENT_TEAM = PGNG7584J8;
				PRODUCT_NAME = "$(TARGET_NAME)";
				SWIFT_VERSION = 3.0;
			};
			name = Release;
		};
		C034E9841F91E45100D19AE6 /* Debug */ = {
			isa = XCBuildConfiguration;
			buildSettings = {
				DEVELOPMENT_TEAM = PGNG7584J8;
				PRODUCT_NAME = "$(TARGET_NAME)";
				SWIFT_VERSION = 3.0;
			};
			name = Debug;
		};
		C034E9851F91E45100D19AE6 /* Release */ = {
			isa = XCBuildConfiguration;
			buildSettings = {
				DEVELOPMENT_TEAM = PGNG7584J8;
				PRODUCT_NAME = "$(TARGET_NAME)";
				SWIFT_VERSION = 3.0;
			};
			name = Release;
		};
		C034E9901F91E4A800D19AE6 /* Debug */ = {
			isa = XCBuildConfiguration;
			buildSettings = {
				DEVELOPMENT_TEAM = PGNG7584J8;
				PRODUCT_NAME = "$(TARGET_NAME)";
				SWIFT_VERSION = 3.0;
			};
			name = Debug;
		};
		C034E9911F91E4A800D19AE6 /* Release */ = {
			isa = XCBuildConfiguration;
			buildSettings = {
				DEVELOPMENT_TEAM = PGNG7584J8;
				PRODUCT_NAME = "$(TARGET_NAME)";
				SWIFT_VERSION = 3.0;
			};
			name = Release;
		};
		C034E99B1F91E4C400D19AE6 /* Debug */ = {
			isa = XCBuildConfiguration;
			buildSettings = {
				DEVELOPMENT_TEAM = PGNG7584J8;
				PRODUCT_NAME = "$(TARGET_NAME)";
				SWIFT_VERSION = 3.0;
			};
			name = Debug;
		};
		C034E99C1F91E4C400D19AE6 /* Release */ = {
			isa = XCBuildConfiguration;
			buildSettings = {
				DEVELOPMENT_TEAM = PGNG7584J8;
				PRODUCT_NAME = "$(TARGET_NAME)";
				SWIFT_VERSION = 3.0;
			};
			name = Release;
		};
		C034E9A61F91E4E200D19AE6 /* Debug */ = {
			isa = XCBuildConfiguration;
			buildSettings = {
				DEVELOPMENT_TEAM = PGNG7584J8;
				PRODUCT_NAME = "$(TARGET_NAME)";
				SWIFT_VERSION = 3.0;
			};
			name = Debug;
		};
		C034E9A71F91E4E200D19AE6 /* Release */ = {
			isa = XCBuildConfiguration;
			buildSettings = {
				DEVELOPMENT_TEAM = PGNG7584J8;
				PRODUCT_NAME = "$(TARGET_NAME)";
				SWIFT_VERSION = 3.0;
			};
			name = Release;
		};
		C034E9B11F91E4FD00D19AE6 /* Debug */ = {
			isa = XCBuildConfiguration;
			buildSettings = {
				DEVELOPMENT_TEAM = PGNG7584J8;
				PRODUCT_NAME = "$(TARGET_NAME)";
				SWIFT_VERSION = 3.0;
			};
			name = Debug;
		};
		C034E9B21F91E4FD00D19AE6 /* Release */ = {
			isa = XCBuildConfiguration;
			buildSettings = {
				DEVELOPMENT_TEAM = PGNG7584J8;
				PRODUCT_NAME = "$(TARGET_NAME)";
				SWIFT_VERSION = 3.0;
			};
			name = Release;
		};
		C0E6D0361F91FF81006905FD /* Debug */ = {
			isa = XCBuildConfiguration;
			buildSettings = {
				DEVELOPMENT_TEAM = PGNG7584J8;
				PRODUCT_NAME = "$(TARGET_NAME)";
				SWIFT_VERSION = 3.0;
			};
			name = Debug;
		};
		C0E6D0371F91FF81006905FD /* Release */ = {
			isa = XCBuildConfiguration;
			buildSettings = {
				DEVELOPMENT_TEAM = PGNG7584J8;
				PRODUCT_NAME = "$(TARGET_NAME)";
				SWIFT_VERSION = 3.0;
			};
			name = Release;
		};
/* End XCBuildConfiguration section */

/* Begin XCConfigurationList section */
		C034E96D1F91BDFF00D19AE6 /* Build configuration list for PBXProject "LeetCode" */ = {
			isa = XCConfigurationList;
			buildConfigurations = (
				C034E9771F91BDFF00D19AE6 /* Debug */,
				C034E9781F91BDFF00D19AE6 /* Release */,
			);
			defaultConfigurationIsVisible = 0;
			defaultConfigurationName = Release;
		};
		C034E9791F91BDFF00D19AE6 /* Build configuration list for PBXNativeTarget "LeetCode" */ = {
			isa = XCConfigurationList;
			buildConfigurations = (
				C034E97A1F91BDFF00D19AE6 /* Debug */,
				C034E97B1F91BDFF00D19AE6 /* Release */,
			);
			defaultConfigurationIsVisible = 0;
			defaultConfigurationName = Release;
		};
		C034E9861F91E45100D19AE6 /* Build configuration list for PBXNativeTarget "1-TwoSum" */ = {
			isa = XCConfigurationList;
			buildConfigurations = (
				C034E9841F91E45100D19AE6 /* Debug */,
				C034E9851F91E45100D19AE6 /* Release */,
			);
			defaultConfigurationIsVisible = 0;
			defaultConfigurationName = Release;
		};
		C034E98F1F91E4A800D19AE6 /* Build configuration list for PBXNativeTarget "2-AddTwoNumbers" */ = {
			isa = XCConfigurationList;
			buildConfigurations = (
				C034E9901F91E4A800D19AE6 /* Debug */,
				C034E9911F91E4A800D19AE6 /* Release */,
			);
			defaultConfigurationIsVisible = 0;
			defaultConfigurationName = Release;
		};
		C034E99A1F91E4C400D19AE6 /* Build configuration list for PBXNativeTarget "3-LongestSubstringWithoutRepeatingCharacters" */ = {
			isa = XCConfigurationList;
			buildConfigurations = (
				C034E99B1F91E4C400D19AE6 /* Debug */,
				C034E99C1F91E4C400D19AE6 /* Release */,
			);
			defaultConfigurationIsVisible = 0;
			defaultConfigurationName = Release;
		};
		C034E9A51F91E4E200D19AE6 /* Build configuration list for PBXNativeTarget "4-MedianofTwoSortedArrays" */ = {
			isa = XCConfigurationList;
			buildConfigurations = (
				C034E9A61F91E4E200D19AE6 /* Debug */,
				C034E9A71F91E4E200D19AE6 /* Release */,
			);
			defaultConfigurationIsVisible = 0;
			defaultConfigurationName = Release;
		};
		C034E9B01F91E4FD00D19AE6 /* Build configuration list for PBXNativeTarget "5-LongestPalindromicSubstring" */ = {
			isa = XCConfigurationList;
			buildConfigurations = (
				C034E9B11F91E4FD00D19AE6 /* Debug */,
				C034E9B21F91E4FD00D19AE6 /* Release */,
			);
			defaultConfigurationIsVisible = 0;
			defaultConfigurationName = Release;
		};
		C0E6D0381F91FF81006905FD /* Build configuration list for PBXNativeTarget "6-ZigZagConversion" */ = {
			isa = XCConfigurationList;
			buildConfigurations = (
				C0E6D0361F91FF81006905FD /* Debug */,
				C0E6D0371F91FF81006905FD /* Release */,
			);
			defaultConfigurationIsVisible = 0;
		};
/* End XCConfigurationList section */
	};
	rootObject = C034E96A1F91BDFF00D19AE6 /* Project object */;
}
